// !$*UTF8*$!
{
	archiveVersion = 1;
	classes = {
	};
	objectVersion = 46;
	objects = {

/* Begin PBXBuildFile section */
		3C4B3C491DE6EEB8005D02D8 /* AppDelegate.swift in Sources */ = {isa = PBXBuildFile; fileRef = 3C4B3C481DE6EEB8005D02D8 /* AppDelegate.swift */; };
		3C4B3C4B1DE6EEB8005D02D8 /* PermissionsViewController.swift in Sources */ = {isa = PBXBuildFile; fileRef = 3C4B3C4A1DE6EEB8005D02D8 /* PermissionsViewController.swift */; };
		3C4B3C4E1DE6EEB8005D02D8 /* Main.storyboard in Resources */ = {isa = PBXBuildFile; fileRef = 3C4B3C4C1DE6EEB8005D02D8 /* Main.storyboard */; };
		3C4B3C501DE6EEB8005D02D8 /* Assets.xcassets in Resources */ = {isa = PBXBuildFile; fileRef = 3C4B3C4F1DE6EEB8005D02D8 /* Assets.xcassets */; };
		3C4B3C531DE6EEB8005D02D8 /* LaunchScreen.storyboard in Resources */ = {isa = PBXBuildFile; fileRef = 3C4B3C511DE6EEB8005D02D8 /* LaunchScreen.storyboard */; };
		3C4B3C611DE71152005D02D8 /* LocationsViewController.swift in Sources */ = {isa = PBXBuildFile; fileRef = 3C4B3C601DE71152005D02D8 /* LocationsViewController.swift */; };
		3C4B3C641DE717C9005D02D8 /* Loca.framework in Frameworks */ = {isa = PBXBuildFile; fileRef = 3C4B3C631DE717C9005D02D8 /* Loca.framework */; };
		3C4B3C651DE717C9005D02D8 /* Loca.framework in Embed Frameworks */ = {isa = PBXBuildFile; fileRef = 3C4B3C631DE717C9005D02D8 /* Loca.framework */; settings = {ATTRIBUTES = (CodeSignOnCopy, RemoveHeadersOnCopy, ); }; };
		3C4B3C681DE717F8005D02D8 /* ReactiveKit.framework in Frameworks */ = {isa = PBXBuildFile; fileRef = 3C4B3C671DE717F8005D02D8 /* ReactiveKit.framework */; };
		3C4B3C691DE717F8005D02D8 /* ReactiveKit.framework in Embed Frameworks */ = {isa = PBXBuildFile; fileRef = 3C4B3C671DE717F8005D02D8 /* ReactiveKit.framework */; settings = {ATTRIBUTES = (CodeSignOnCopy, RemoveHeadersOnCopy, ); }; };
/* End PBXBuildFile section */

/* Begin PBXCopyFilesBuildPhase section */
		3C4B3C661DE717C9005D02D8 /* Embed Frameworks */ = {
			isa = PBXCopyFilesBuildPhase;
			buildActionMask = 2147483647;
			dstPath = "";
			dstSubfolderSpec = 10;
			files = (
				3C4B3C691DE717F8005D02D8 /* ReactiveKit.framework in Embed Frameworks */,
				3C4B3C651DE717C9005D02D8 /* Loca.framework in Embed Frameworks */,
			);
			name = "Embed Frameworks";
			runOnlyForDeploymentPostprocessing = 0;
		};
/* End PBXCopyFilesBuildPhase section */

/* Begin PBXFileReference section */
		3C4B3C451DE6EEB8005D02D8 /* LocaExample.app */ = {isa = PBXFileReference; explicitFileType = wrapper.application; includeInIndex = 0; path = LocaExample.app; sourceTree = BUILT_PRODUCTS_DIR; };
		3C4B3C481DE6EEB8005D02D8 /* AppDelegate.swift */ = {isa = PBXFileReference; lastKnownFileType = sourcecode.swift; path = AppDelegate.swift; sourceTree = "<group>"; };
		3C4B3C4A1DE6EEB8005D02D8 /* PermissionsViewController.swift */ = {isa = PBXFileReference; lastKnownFileType = sourcecode.swift; path = PermissionsViewController.swift; sourceTree = "<group>"; };
		3C4B3C4D1DE6EEB8005D02D8 /* Base */ = {isa = PBXFileReference; lastKnownFileType = file.storyboard; name = Base; path = Base.lproj/Main.storyboard; sourceTree = "<group>"; };
		3C4B3C4F1DE6EEB8005D02D8 /* Assets.xcassets */ = {isa = PBXFileReference; lastKnownFileType = folder.assetcatalog; path = Assets.xcassets; sourceTree = "<group>"; };
		3C4B3C521DE6EEB8005D02D8 /* Base */ = {isa = PBXFileReference; lastKnownFileType = file.storyboard; name = Base; path = Base.lproj/LaunchScreen.storyboard; sourceTree = "<group>"; };
		3C4B3C541DE6EEB8005D02D8 /* Info.plist */ = {isa = PBXFileReference; lastKnownFileType = text.plist.xml; path = Info.plist; sourceTree = "<group>"; };
		3C4B3C5B1DE6EF1B005D02D8 /* Loca.framework */ = {isa = PBXFileReference; lastKnownFileType = wrapper.framework; name = Loca.framework; path = "../../../../Desktop/Build/Products/Debug-iphonesimulator/Loca.framework"; sourceTree = "<group>"; };
		3C4B3C601DE71152005D02D8 /* LocationsViewController.swift */ = {isa = PBXFileReference; fileEncoding = 4; lastKnownFileType = sourcecode.swift; path = LocationsViewController.swift; sourceTree = "<group>"; };
		3C4B3C631DE717C9005D02D8 /* Loca.framework */ = {isa = PBXFileReference; explicitFileType = wrapper.framework; path = Loca.framework; sourceTree = BUILT_PRODUCTS_DIR; };
		3C4B3C671DE717F8005D02D8 /* ReactiveKit.framework */ = {isa = PBXFileReference; explicitFileType = wrapper.framework; path = ReactiveKit.framework; sourceTree = BUILT_PRODUCTS_DIR; };
/* End PBXFileReference section */

/* Begin PBXFrameworksBuildPhase section */
		3C4B3C421DE6EEB8005D02D8 /* Frameworks */ = {
			isa = PBXFrameworksBuildPhase;
			buildActionMask = 2147483647;
			files = (
				3C4B3C681DE717F8005D02D8 /* ReactiveKit.framework in Frameworks */,
				3C4B3C641DE717C9005D02D8 /* Loca.framework in Frameworks */,
			);
			runOnlyForDeploymentPostprocessing = 0;
		};
/* End PBXFrameworksBuildPhase section */

/* Begin PBXGroup section */
		3C4B3C3C1DE6EEB8005D02D8 = {
			isa = PBXGroup;
			children = (
				3C4B3C671DE717F8005D02D8 /* ReactiveKit.framework */,
				3C4B3C631DE717C9005D02D8 /* Loca.framework */,
				3C4B3C471DE6EEB8005D02D8 /* LocaExample */,
				3C4B3C461DE6EEB8005D02D8 /* Products */,
				3C4B3C5A1DE6EF1B005D02D8 /* Frameworks */,
			);
			sourceTree = "<group>";
		};
		3C4B3C461DE6EEB8005D02D8 /* Products */ = {
			isa = PBXGroup;
			children = (
				3C4B3C451DE6EEB8005D02D8 /* LocaExample.app */,
			);
			name = Products;
			sourceTree = "<group>";
		};
		3C4B3C471DE6EEB8005D02D8 /* LocaExample */ = {
			isa = PBXGroup;
			children = (
				3C4B3C621DE71159005D02D8 /* Classes */,
				3C4B3C4C1DE6EEB8005D02D8 /* Main.storyboard */,
				3C4B3C4F1DE6EEB8005D02D8 /* Assets.xcassets */,
				3C4B3C511DE6EEB8005D02D8 /* LaunchScreen.storyboard */,
				3C4B3C541DE6EEB8005D02D8 /* Info.plist */,
			);
			path = LocaExample;
			sourceTree = "<group>";
		};
		3C4B3C5A1DE6EF1B005D02D8 /* Frameworks */ = {
			isa = PBXGroup;
			children = (
				3C4B3C5B1DE6EF1B005D02D8 /* Loca.framework */,
			);
			name = Frameworks;
			sourceTree = "<group>";
		};
		3C4B3C621DE71159005D02D8 /* Classes */ = {
			isa = PBXGroup;
			children = (
				3C4B3C481DE6EEB8005D02D8 /* AppDelegate.swift */,
				3C4B3C4A1DE6EEB8005D02D8 /* PermissionsViewController.swift */,
				3C4B3C601DE71152005D02D8 /* LocationsViewController.swift */,
			);
			name = Classes;
			sourceTree = "<group>";
		};
/* End PBXGroup section */

/* Begin PBXNativeTarget section */
		3C4B3C441DE6EEB8005D02D8 /* LocaExample */ = {
			isa = PBXNativeTarget;
			buildConfigurationList = 3C4B3C571DE6EEB8005D02D8 /* Build configuration list for PBXNativeTarget "LocaExample" */;
			buildPhases = (
				3C4B3C411DE6EEB8005D02D8 /* Sources */,
				3C4B3C421DE6EEB8005D02D8 /* Frameworks */,
				3C4B3C431DE6EEB8005D02D8 /* Resources */,
				3C4B3C661DE717C9005D02D8 /* Embed Frameworks */,
			);
			buildRules = (
			);
			dependencies = (
			);
			name = LocaExample;
			productName = LocaExample;
			productReference = 3C4B3C451DE6EEB8005D02D8 /* LocaExample.app */;
			productType = "com.apple.product-type.application";
		};
/* End PBXNativeTarget section */

/* Begin PBXProject section */
		3C4B3C3D1DE6EEB8005D02D8 /* Project object */ = {
			isa = PBXProject;
			attributes = {
				LastSwiftUpdateCheck = 0810;
				LastUpgradeCheck = 0810;
				ORGANIZATIONNAME = Tacks;
				TargetAttributes = {
					3C4B3C441DE6EEB8005D02D8 = {
						CreatedOnToolsVersion = 8.1;
						DevelopmentTeam = N8N37QWHHP;
						ProvisioningStyle = Automatic;
					};
				};
			};
			buildConfigurationList = 3C4B3C401DE6EEB8005D02D8 /* Build configuration list for PBXProject "LocaExample" */;
			compatibilityVersion = "Xcode 3.2";
			developmentRegion = English;
			hasScannedForEncodings = 0;
			knownRegions = (
				en,
				Base,
			);
			mainGroup = 3C4B3C3C1DE6EEB8005D02D8;
			productRefGroup = 3C4B3C461DE6EEB8005D02D8 /* Products */;
			projectDirPath = "";
			projectRoot = "";
			targets = (
				3C4B3C441DE6EEB8005D02D8 /* LocaExample */,
			);
		};
/* End PBXProject section */

/* Begin PBXResourcesBuildPhase section */
		3C4B3C431DE6EEB8005D02D8 /* Resources */ = {
			isa = PBXResourcesBuildPhase;
			buildActionMask = 2147483647;
			files = (
				3C4B3C531DE6EEB8005D02D8 /* LaunchScreen.storyboard in Resources */,
				3C4B3C501DE6EEB8005D02D8 /* Assets.xcassets in Resources */,
				3C4B3C4E1DE6EEB8005D02D8 /* Main.storyboard in Resources */,
			);
			runOnlyForDeploymentPostprocessing = 0;
		};
/* End PBXResourcesBuildPhase section */

/* Begin PBXSourcesBuildPhase section */
		3C4B3C411DE6EEB8005D02D8 /* Sources */ = {
			isa = PBXSourcesBuildPhase;
			buildActionMask = 2147483647;
			files = (
				3C4B3C4B1DE6EEB8005D02D8 /* PermissionsViewController.swift in Sources */,
				3C4B3C491DE6EEB8005D02D8 /* AppDelegate.swift in Sources */,
				3C4B3C611DE71152005D02D8 /* LocationsViewController.swift in Sources */,
			);
			runOnlyForDeploymentPostprocessing = 0;
		};
/* End PBXSourcesBuildPhase section */

/* Begin PBXVariantGroup section */
		3C4B3C4C1DE6EEB8005D02D8 /* Main.storyboard */ = {
			isa = PBXVariantGroup;
			children = (
				3C4B3C4D1DE6EEB8005D02D8 /* Base */,
			);
			name = Main.storyboard;
			sourceTree = "<group>";
		};
		3C4B3C511DE6EEB8005D02D8 /* LaunchScreen.storyboard */ = {
			isa = PBXVariantGroup;
			children = (
				3C4B3C521DE6EEB8005D02D8 /* Base */,
			);
			name = LaunchScreen.storyboard;
			sourceTree = "<group>";
		};
/* End PBXVariantGroup section */

/* Begin XCBuildConfiguration section */
		3C4B3C551DE6EEB8005D02D8 /* Debug */ = {
			isa = XCBuildConfiguration;
			buildSettings = {
				ALWAYS_SEARCH_USER_PATHS = NO;
				CLANG_ANALYZER_NONNULL = YES;
				CLANG_CXX_LANGUAGE_STANDARD = "gnu++0x";
				CLANG_CXX_LIBRARY = "libc++";
				CLANG_ENABLE_MODULES = YES;
				CLANG_ENABLE_OBJC_ARC = YES;
				CLANG_WARN_BOOL_CONVERSION = YES;
				CLANG_WARN_CONSTANT_CONVERSION = YES;
				CLANG_WARN_DIRECT_OBJC_ISA_USAGE = YES_ERROR;
				CLANG_WARN_DOCUMENTATION_COMMENTS = YES;
				CLANG_WARN_EMPTY_BODY = YES;
				CLANG_WARN_ENUM_CONVERSION = YES;
				CLANG_WARN_INFINITE_RECURSION = YES;
				CLANG_WARN_INT_CONVERSION = YES;
				CLANG_WARN_OBJC_ROOT_CLASS = YES_ERROR;
				CLANG_WARN_SUSPICIOUS_MOVES = YES;
				CLANG_WARN_UNREACHABLE_CODE = YES;
				CLANG_WARN__DUPLICATE_METHOD_MATCH = YES;
				"CODE_SIGN_IDENTITY[sdk=iphoneos*]" = "iPhone Developer";
				COPY_PHASE_STRIP = NO;
				DEBUG_INFORMATION_FORMAT = dwarf;
				ENABLE_STRICT_OBJC_MSGSEND = YES;
				ENABLE_TESTABILITY = YES;
				GCC_C_LANGUAGE_STANDARD = gnu99;
				GCC_DYNAMIC_NO_PIC = NO;
				GCC_NO_COMMON_BLOCKS = YES;
				GCC_OPTIMIZATION_LEVEL = 0;
				GCC_PREPROCESSOR_DEFINITIONS = (
					"DEBUG=1",
					"$(inherited)",
				);
				GCC_WARN_64_TO_32_BIT_CONVERSION = YES;
				GCC_WARN_ABOUT_RETURN_TYPE = YES_ERROR;
				GCC_WARN_UNDECLARED_SELECTOR = YES;
				GCC_WARN_UNINITIALIZED_AUTOS = YES_AGGRESSIVE;
				GCC_WARN_UNUSED_FUNCTION = YES;
				GCC_WARN_UNUSED_VARIABLE = YES;
				IPHONEOS_DEPLOYMENT_TARGET = 10.1;
				MTL_ENABLE_DEBUG_INFO = YES;
				ONLY_ACTIVE_ARCH = YES;
				SDKROOT = iphoneos;
				SWIFT_ACTIVE_COMPILATION_CONDITIONS = DEBUG;
				SWIFT_OPTIMIZATION_LEVEL = "-Onone";
				SWIFT_VERSION = 2.3;
			};
			name = Debug;
		};
		3C4B3C561DE6EEB8005D02D8 /* Release */ = {
			isa = XCBuildConfiguration;
			buildSettings = {
				ALWAYS_SEARCH_USER_PATHS = NO;
				CLANG_ANALYZER_NONNULL = YES;
				CLANG_CXX_LANGUAGE_STANDARD = "gnu++0x";
				CLANG_CXX_LIBRARY = "libc++";
				CLANG_ENABLE_MODULES = YES;
				CLANG_ENABLE_OBJC_ARC = YES;
				CLANG_WARN_BOOL_CONVERSION = YES;
				CLANG_WARN_CONSTANT_CONVERSION = YES;
				CLANG_WARN_DIRECT_OBJC_ISA_USAGE = YES_ERROR;
				CLANG_WARN_DOCUMENTATION_COMMENTS = YES;
				CLANG_WARN_EMPTY_BODY = YES;
				CLANG_WARN_ENUM_CONVERSION = YES;
				CLANG_WARN_INFINITE_RECURSION = YES;
				CLANG_WARN_INT_CONVERSION = YES;
				CLANG_WARN_OBJC_ROOT_CLASS = YES_ERROR;
				CLANG_WARN_SUSPICIOUS_MOVES = YES;
				CLANG_WARN_UNREACHABLE_CODE = YES;
				CLANG_WARN__DUPLICATE_METHOD_MATCH = YES;
				"CODE_SIGN_IDENTITY[sdk=iphoneos*]" = "iPhone Developer";
				COPY_PHASE_STRIP = NO;
				DEBUG_INFORMATION_FORMAT = "dwarf-with-dsym";
				ENABLE_NS_ASSERTIONS = NO;
				ENABLE_STRICT_OBJC_MSGSEND = YES;
				GCC_C_LANGUAGE_STANDARD = gnu99;
				GCC_NO_COMMON_BLOCKS = YES;
				GCC_WARN_64_TO_32_BIT_CONVERSION = YES;
				GCC_WARN_ABOUT_RETURN_TYPE = YES_ERROR;
				GCC_WARN_UNDECLARED_SELECTOR = YES;
				GCC_WARN_UNINITIALIZED_AUTOS = YES_AGGRESSIVE;
				GCC_WARN_UNUSED_FUNCTION = YES;
				GCC_WARN_UNUSED_VARIABLE = YES;
				IPHONEOS_DEPLOYMENT_TARGET = 10.1;
				MTL_ENABLE_DEBUG_INFO = NO;
				SDKROOT = iphoneos;
				SWIFT_OPTIMIZATION_LEVEL = "-Owholemodule";
				SWIFT_VERSION = 2.3;
				VALIDATE_PRODUCT = YES;
			};
			name = Release;
		};
		3C4B3C581DE6EEB8005D02D8 /* Debug */ = {
			isa = XCBuildConfiguration;
			buildSettings = {
				ASSETCATALOG_COMPILER_APPICON_NAME = AppIcon;
				DEVELOPMENT_TEAM = N8N37QWHHP;
				INFOPLIST_FILE = LocaExample/Info.plist;
				LD_RUNPATH_SEARCH_PATHS = "$(inherited) @executable_path/Frameworks";
				PRODUCT_BUNDLE_IDENTIFIER = cc.tacks.LocaExample;
				PRODUCT_NAME = "$(TARGET_NAME)";
			};
			name = Debug;
		};
		3C4B3C591DE6EEB8005D02D8 /* Release */ = {
			isa = XCBuildConfiguration;
			buildSettings = {
				ASSETCATALOG_COMPILER_APPICON_NAME = AppIcon;
				DEVELOPMENT_TEAM = N8N37QWHHP;
				INFOPLIST_FILE = LocaExample/Info.plist;
				LD_RUNPATH_SEARCH_PATHS = "$(inherited) @executable_path/Frameworks";
				PRODUCT_BUNDLE_IDENTIFIER = cc.tacks.LocaExample;
				PRODUCT_NAME = "$(TARGET_NAME)";
			};
			name = Release;
		};
/* End XCBuildConfiguration section */

/* Begin XCConfigurationList section */
		3C4B3C401DE6EEB8005D02D8 /* Build configuration list for PBXProject "LocaExample" */ = {
			isa = XCConfigurationList;
			buildConfigurations = (
				3C4B3C551DE6EEB8005D02D8 /* Debug */,
				3C4B3C561DE6EEB8005D02D8 /* Release */,
			);
			defaultConfigurationIsVisible = 0;
			defaultConfigurationName = Release;
		};
		3C4B3C571DE6EEB8005D02D8 /* Build configuration list for PBXNativeTarget "LocaExample" */ = {
			isa = XCConfigurationList;
			buildConfigurations = (
				3C4B3C581DE6EEB8005D02D8 /* Debug */,
				3C4B3C591DE6EEB8005D02D8 /* Release */,
			);
			defaultConfigurationIsVisible = 0;
			defaultConfigurationName = Release;
		};
/* End XCConfigurationList section */
	};
	rootObject = 3C4B3C3D1DE6EEB8005D02D8 /* Project object */;
}
